
Microsoft Visual Studio Solution File, Format Version 12.00
# Visual Studio 2012
Project("{FAE04EC0-301F-11D3-BF4B-00C04F79EFBC}") = "ChatApp", "ChatApp\ChatApp.csproj", "{4EFC829E-9C44-4C1B-86F0-07C617D4E684}"
EndProject
Project("{FAE04EC0-301F-11D3-BF4B-00C04F79EFBC}") = "ChatApp.Droid", "Droid\ChatApp.Droid.csproj", "{28685CE7-03A1-4E13-B827-A7867377ABC8}"
	ProjectSection(ProjectDependencies) = postProject
		{322F5225-10B5-4D07-B945-62C7742E6EF8} = {322F5225-10B5-4D07-B945-62C7742E6EF8}
	EndProjectSection
EndProject
Project("{FAE04EC0-301F-11D3-BF4B-00C04F79EFBC}") = "ChatAppService", "ChatAppService\ChatAppService\ChatAppService.csproj", "{322F5225-10B5-4D07-B945-62C7742E6EF8}"
EndProject
Project("{FAE04EC0-301F-11D3-BF4B-00C04F79EFBC}") = "ChatAppConsole", "ChatAppConsole\ChatAppConsole.csproj", "{6BFDBB4A-B96B-4ACA-9C4E-52437505BB0B}"
EndProject
Project("{FAE04EC0-301F-11D3-BF4B-00C04F79EFBC}") = "ChatAppWebInterface", "ChatAppWebInterface\ChatAppWebInterface.csproj", "{CFDACA99-C4E9-4C04-B133-ACDC7B4F421C}"
EndProject
Global
	GlobalSection(SolutionConfigurationPlatforms) = preSolution
		Debug|Any CPU = Debug|Any CPU
		Debug|ARM = Debug|ARM
		Debug|iPhone = Debug|iPhone
		Debug|iPhoneSimulator = Debug|iPhoneSimulator
		Debug|Mixed Platforms = Debug|Mixed Platforms
		Debug|x86 = Debug|x86
		Release|Any CPU = Release|Any CPU
		Release|ARM = Release|ARM
		Release|iPhone = Release|iPhone
		Release|iPhoneSimulator = Release|iPhoneSimulator
		Release|Mixed Platforms = Release|Mixed Platforms
		Release|x86 = Release|x86
	EndGlobalSection
	GlobalSection(ProjectConfigurationPlatforms) = postSolution
		{28685CE7-03A1-4E13-B827-A7867377ABC8}.Debug|Any CPU.ActiveCfg = Debug|Any CPU
		{28685CE7-03A1-4E13-B827-A7867377ABC8}.Debug|Any CPU.Build.0 = Debug|Any CPU
		{28685CE7-03A1-4E13-B827-A7867377ABC8}.Debug|ARM.ActiveCfg = Debug|Any CPU
		{28685CE7-03A1-4E13-B827-A7867377ABC8}.Debug|iPhone.ActiveCfg = Debug|Any CPU
		{28685CE7-03A1-4E13-B827-A7867377ABC8}.Debug|iPhone.Build.0 = Debug|Any CPU
		{28685CE7-03A1-4E13-B827-A7867377ABC8}.Debug|iPhoneSimulator.ActiveCfg = Debug|Any CPU
		{28685CE7-03A1-4E13-B827-A7867377ABC8}.Debug|iPhoneSimulator.Build.0 = Debug|Any CPU
		{28685CE7-03A1-4E13-B827-A7867377ABC8}.Debug|Mixed Platforms.ActiveCfg = Debug|Any CPU
		{28685CE7-03A1-4E13-B827-A7867377ABC8}.Debug|Mixed Platforms.Build.0 = Debug|Any CPU
		{28685CE7-03A1-4E13-B827-A7867377ABC8}.Debug|Mixed Platforms.Deploy.0 = Debug|Any CPU
		{28685CE7-03A1-4E13-B827-A7867377ABC8}.Debug|x86.ActiveCfg = Debug|Any CPU
		{28685CE7-03A1-4E13-B827-A7867377ABC8}.Release|Any CPU.ActiveCfg = Release|Any CPU
		{28685CE7-03A1-4E13-B827-A7867377ABC8}.Release|Any CPU.Build.0 = Release|Any CPU
		{28685CE7-03A1-4E13-B827-A7867377ABC8}.Release|ARM.ActiveCfg = Release|Any CPU
		{28685CE7-03A1-4E13-B827-A7867377ABC8}.Release|iPhone.ActiveCfg = Release|Any CPU
		{28685CE7-03A1-4E13-B827-A7867377ABC8}.Release|iPhone.Build.0 = Release|Any CPU
		{28685CE7-03A1-4E13-B827-A7867377ABC8}.Release|iPhoneSimulator.ActiveCfg = Release|Any CPU
		{28685CE7-03A1-4E13-B827-A7867377ABC8}.Release|iPhoneSimulator.Build.0 = Release|Any CPU
		{28685CE7-03A1-4E13-B827-A7867377ABC8}.Release|Mixed Platforms.ActiveCfg = Release|Any CPU
		{28685CE7-03A1-4E13-B827-A7867377ABC8}.Release|Mixed Platforms.Build.0 = Release|Any CPU
		{28685CE7-03A1-4E13-B827-A7867377ABC8}.Release|Mixed Platforms.Deploy.0 = Release|Any CPU
		{28685CE7-03A1-4E13-B827-A7867377ABC8}.Release|x86.ActiveCfg = Release|Any CPU
		{322F5225-10B5-4D07-B945-62C7742E6EF8}.Debug|Any CPU.ActiveCfg = Debug|Any CPU
		{322F5225-10B5-4D07-B945-62C7742E6EF8}.Debug|Any CPU.Build.0 = Debug|Any CPU
		{322F5225-10B5-4D07-B945-62C7742E6EF8}.Debug|ARM.ActiveCfg = Debug|Any CPU
		{322F5225-10B5-4D07-B945-62C7742E6EF8}.Debug|iPhone.ActiveCfg = Debug|Any CPU
		{322F5225-10B5-4D07-B945-62C7742E6EF8}.Debug|iPhoneSimulator.ActiveCfg = Debug|Any CPU
		{322F5225-10B5-4D07-B945-62C7742E6EF8}.Debug|Mixed Platforms.ActiveCfg = Debug|Any CPU
		{322F5225-10B5-4D07-B945-62C7742E6EF8}.Debug|Mixed Platforms.Build.0 = Debug|Any CPU
		{322F5225-10B5-4D07-B945-62C7742E6EF8}.Debug|x86.ActiveCfg = Debug|Any CPU
		{322F5225-10B5-4D07-B945-62C7742E6EF8}.Release|Any CPU.ActiveCfg = Release|Any CPU
		{322F5225-10B5-4D07-B945-62C7742E6EF8}.Release|Any CPU.Build.0 = Release|Any CPU
		{322F5225-10B5-4D07-B945-62C7742E6EF8}.Release|ARM.ActiveCfg = Release|Any CPU
		{322F5225-10B5-4D07-B945-62C7742E6EF8}.Release|iPhone.ActiveCfg = Release|Any CPU
		{322F5225-10B5-4D07-B945-62C7742E6EF8}.Release|iPhoneSimulator.ActiveCfg = Release|Any CPU
		{322F5225-10B5-4D07-B945-62C7742E6EF8}.Release|Mixed Platforms.ActiveCfg = Release|Any CPU
		{322F5225-10B5-4D07-B945-62C7742E6EF8}.Release|Mixed Platforms.Build.0 = Release|Any CPU
		{322F5225-10B5-4D07-B945-62C7742E6EF8}.Release|x86.ActiveCfg = Release|Any CPU
		{4EFC829E-9C44-4C1B-86F0-07C617D4E684}.Debug|Any CPU.ActiveCfg = Debug|Any CPU
		{4EFC829E-9C44-4C1B-86F0-07C617D4E684}.Debug|Any CPU.Build.0 = Debug|Any CPU
		{4EFC829E-9C44-4C1B-86F0-07C617D4E684}.Debug|ARM.ActiveCfg = Debug|Any CPU
		{4EFC829E-9C44-4C1B-86F0-07C617D4E684}.Debug|iPhone.ActiveCfg = Debug|Any CPU
		{4EFC829E-9C44-4C1B-86F0-07C617D4E684}.Debug|iPhone.Build.0 = Debug|Any CPU
		{4EFC829E-9C44-4C1B-86F0-07C617D4E684}.Debug|iPhoneSimulator.ActiveCfg = Debug|Any CPU
		{4EFC829E-9C44-4C1B-86F0-07C617D4E684}.Debug|iPhoneSimulator.Build.0 = Debug|Any CPU
		{4EFC829E-9C44-4C1B-86F0-07C617D4E684}.Debug|Mixed Platforms.ActiveCfg = Debug|Any CPU
		{4EFC829E-9C44-4C1B-86F0-07C617D4E684}.Debug|Mixed Platforms.Build.0 = Debug|Any CPU
		{4EFC829E-9C44-4C1B-86F0-07C617D4E684}.Debug|x86.ActiveCfg = Debug|Any CPU
		{4EFC829E-9C44-4C1B-86F0-07C617D4E684}.Release|Any CPU.ActiveCfg = Release|Any CPU
		{4EFC829E-9C44-4C1B-86F0-07C617D4E684}.Release|Any CPU.Build.0 = Release|Any CPU
		{4EFC829E-9C44-4C1B-86F0-07C617D4E684}.Release|ARM.ActiveCfg = Release|Any CPU
		{4EFC829E-9C44-4C1B-86F0-07C617D4E684}.Release|iPhone.ActiveCfg = Release|Any CPU
		{4EFC829E-9C44-4C1B-86F0-07C617D4E684}.Release|iPhone.Build.0 = Release|Any CPU
		{4EFC829E-9C44-4C1B-86F0-07C617D4E684}.Release|iPhoneSimulator.ActiveCfg = Release|Any CPU
		{4EFC829E-9C44-4C1B-86F0-07C617D4E684}.Release|iPhoneSimulator.Build.0 = Release|Any CPU
		{4EFC829E-9C44-4C1B-86F0-07C617D4E684}.Release|Mixed Platforms.ActiveCfg = Release|Any CPU
		{4EFC829E-9C44-4C1B-86F0-07C617D4E684}.Release|Mixed Platforms.Build.0 = Release|Any CPU
		{4EFC829E-9C44-4C1B-86F0-07C617D4E684}.Release|x86.ActiveCfg = Release|Any CPU
		{6BFDBB4A-B96B-4ACA-9C4E-52437505BB0B}.Debug|Any CPU.ActiveCfg = Debug|Any CPU
		{6BFDBB4A-B96B-4ACA-9C4E-52437505BB0B}.Debug|Any CPU.Build.0 = Debug|Any CPU
		{6BFDBB4A-B96B-4ACA-9C4E-52437505BB0B}.Debug|ARM.ActiveCfg = Debug|Any CPU
		{6BFDBB4A-B96B-4ACA-9C4E-52437505BB0B}.Debug|iPhone.ActiveCfg = Debug|Any CPU
		{6BFDBB4A-B96B-4ACA-9C4E-52437505BB0B}.Debug|iPhoneSimulator.ActiveCfg = Debug|Any CPU
		{6BFDBB4A-B96B-4ACA-9C4E-52437505BB0B}.Debug|Mixed Platforms.ActiveCfg = Debug|Any CPU
		{6BFDBB4A-B96B-4ACA-9C4E-52437505BB0B}.Debug|Mixed Platforms.Build.0 = Debug|Any CPU
		{6BFDBB4A-B96B-4ACA-9C4E-52437505BB0B}.Debug|x86.ActiveCfg = Debug|Any CPU
		{6BFDBB4A-B96B-4ACA-9C4E-52437505BB0B}.Release|Any CPU.ActiveCfg = Release|Any CPU
		{6BFDBB4A-B96B-4ACA-9C4E-52437505BB0B}.Release|Any CPU.Build.0 = Release|Any CPU
		{6BFDBB4A-B96B-4ACA-9C4E-52437505BB0B}.Release|ARM.ActiveCfg = Release|Any CPU
		{6BFDBB4A-B96B-4ACA-9C4E-52437505BB0B}.Release|iPhone.ActiveCfg = Release|Any CPU
		{6BFDBB4A-B96B-4ACA-9C4E-52437505BB0B}.Release|iPhoneSimulator.ActiveCfg = Release|Any CPU
		{6BFDBB4A-B96B-4ACA-9C4E-52437505BB0B}.Release|Mixed Platforms.ActiveCfg = Release|Any CPU
		{6BFDBB4A-B96B-4ACA-9C4E-52437505BB0B}.Release|Mixed Platforms.Build.0 = Release|Any CPU
		{6BFDBB4A-B96B-4ACA-9C4E-52437505BB0B}.Release|x86.ActiveCfg = Release|Any CPU
		{CFDACA99-C4E9-4C04-B133-ACDC7B4F421C}.Debug|Any CPU.ActiveCfg = Debug|Any CPU
		{CFDACA99-C4E9-4C04-B133-ACDC7B4F421C}.Debug|Any CPU.Build.0 = Debug|Any CPU
		{CFDACA99-C4E9-4C04-B133-ACDC7B4F421C}.Debug|ARM.ActiveCfg = Debug|Any CPU
		{CFDACA99-C4E9-4C04-B133-ACDC7B4F421C}.Debug|iPhone.ActiveCfg = Debug|Any CPU
		{CFDACA99-C4E9-4C04-B133-ACDC7B4F421C}.Debug|iPhoneSimulator.ActiveCfg = Debug|Any CPU
		{CFDACA99-C4E9-4C04-B133-ACDC7B4F421C}.Debug|Mixed Platforms.ActiveCfg = Debug|Any CPU
		{CFDACA99-C4E9-4C04-B133-ACDC7B4F421C}.Debug|Mixed Platforms.Build.0 = Debug|Any CPU
		{CFDACA99-C4E9-4C04-B133-ACDC7B4F421C}.Debug|x86.ActiveCfg = Debug|Any CPU
		{CFDACA99-C4E9-4C04-B133-ACDC7B4F421C}.Release|Any CPU.ActiveCfg = Release|Any CPU
		{CFDACA99-C4E9-4C04-B133-ACDC7B4F421C}.Release|Any CPU.Build.0 = Release|Any CPU
		{CFDACA99-C4E9-4C04-B133-ACDC7B4F421C}.Release|ARM.ActiveCfg = Release|Any CPU
		{CFDACA99-C4E9-4C04-B133-ACDC7B4F421C}.Release|iPhone.ActiveCfg = Release|Any CPU
		{CFDACA99-C4E9-4C04-B133-ACDC7B4F421C}.Release|iPhoneSimulator.ActiveCfg = Release|Any CPU
		{CFDACA99-C4E9-4C04-B133-ACDC7B4F421C}.Release|Mixed Platforms.ActiveCfg = Release|Any CPU
		{CFDACA99-C4E9-4C04-B133-ACDC7B4F421C}.Release|Mixed Platforms.Build.0 = Release|Any CPU
		{CFDACA99-C4E9-4C04-B133-ACDC7B4F421C}.Release|x86.ActiveCfg = Release|Any CPU
	EndGlobalSection
	GlobalSection(SolutionProperties) = preSolution
		HideSolutionNode = FALSE
	EndGlobalSection
EndGlobal
